
Microsoft Visual Studio Solution File, Format Version 12.00
# Visual Studio Version 16
VisualStudioVersion = 16.0.28803.202
MinimumVisualStudioVersion = 10.0.40219.1
Project("{FAE04EC0-301F-11D3-BF4B-00C04F79EFBC}") = "Worldshape", "Worldshape\Worldshape.csproj", "{9985419D-5313-4735-B153-34C18222B867}"
EndProject
Global
	GlobalSection(SolutionConfigurationPlatforms) = preSolution
		Debug|Any CPU = Debug|Any CPU
		Release|Any CPU = Release|Any CPU
	EndGlobalSection
	GlobalSection(ProjectConfigurationPlatforms) = postSolution
		{9985419D-5313-4735-B153-34C18222B867}.Debug|Any CPU.ActiveCfg = Debug|Any CPU
		{9985419D-5313-4735-B153-34C18222B867}.Debug|Any CPU.Build.0 = Debug|Any CPU
		{9985419D-5313-4735-B153-34C18222B867}.Release|Any CPU.ActiveCfg = Release|Any CPU
		{9985419D-5313-4735-B153-34C18222B867}.Release|Any CPU.Build.0 = Release|Any CPU
	EndGlobalSection
	GlobalSection(SolutionProperties) = preSolution
		HideSolutionNode = FALSE
	EndGlobalSection
	GlobalSection(ExtensibilityGlobals) = postSolution
		SolutionGuid = {E447F3F7-5818-4799-8261-CD4FF3D29956}
	EndGlobalSection
EndGlobal
